lockfileVersion: '9.0'

settings:
  autoInstallPeers: true
  excludeLinksFromLockfile: false

importers:

  .:
    dependencies:
      primeflex:
        specifier: ^3.3.1
        version: 3.3.1

packages:

  primeflex@3.3.1:
    resolution: {integrity: sha512-zaOq3YvcOYytbAmKv3zYc+0VNS9Wg5d37dfxZnveKBFPr7vEIwfV5ydrpiouTft8MVW6qNjfkaQphHSnvgQbpQ==}

snapshots:

  primeflex@3.3.1: {}
